
Microsoft Visual Studio Solution File, Format Version 12.00
# Visual Studio Version 16
VisualStudioVersion = 16.0.29411.108
MinimumVisualStudioVersion = 10.0.40219.1
Project("{FAE04EC0-301F-11D3-BF4B-00C04F79EFBC}") = "PrototipoLogin", "PrototipoLogin\PrototipoLogin.csproj", "{99E75A5A-5B2A-48B3-8AA7-9B71A2E2A1E4}"
EndProject
Project("{FAE04EC0-301F-11D3-BF4B-00C04F79EFBC}") = "FCMoney.Repositorio", "FCMoney.Repositorio\FCMoney.Repositorio.csproj", "{0F3EA856-2989-4D64-A6CC-43553BFED69F}"
EndProject
Project("{FAE04EC0-301F-11D3-BF4B-00C04F79EFBC}") = "FCMoney.Dominio", "FCMoney.Dominio\FCMoney.Dominio.csproj", "{CA6590B5-3C52-4E3B-BA18-385535311EAE}"
EndProject
Global
	GlobalSection(SolutionConfigurationPlatforms) = preSolution
		Debug|Any CPU = Debug|Any CPU
		Release|Any CPU = Release|Any CPU
	EndGlobalSection
	GlobalSection(ProjectConfigurationPlatforms) = postSolution
		{99E75A5A-5B2A-48B3-8AA7-9B71A2E2A1E4}.Debug|Any CPU.ActiveCfg = Debug|Any CPU
		{99E75A5A-5B2A-48B3-8AA7-9B71A2E2A1E4}.Debug|Any CPU.Build.0 = Debug|Any CPU
		{99E75A5A-5B2A-48B3-8AA7-9B71A2E2A1E4}.Release|Any CPU.ActiveCfg = Release|Any CPU
		{99E75A5A-5B2A-48B3-8AA7-9B71A2E2A1E4}.Release|Any CPU.Build.0 = Release|Any CPU
		{0F3EA856-2989-4D64-A6CC-43553BFED69F}.Debug|Any CPU.ActiveCfg = Debug|Any CPU
		{0F3EA856-2989-4D64-A6CC-43553BFED69F}.Debug|Any CPU.Build.0 = Debug|Any CPU
		{0F3EA856-2989-4D64-A6CC-43553BFED69F}.Release|Any CPU.ActiveCfg = Release|Any CPU
		{0F3EA856-2989-4D64-A6CC-43553BFED69F}.Release|Any CPU.Build.0 = Release|Any CPU
		{CA6590B5-3C52-4E3B-BA18-385535311EAE}.Debug|Any CPU.ActiveCfg = Debug|Any CPU
		{CA6590B5-3C52-4E3B-BA18-385535311EAE}.Debug|Any CPU.Build.0 = Debug|Any CPU
		{CA6590B5-3C52-4E3B-BA18-385535311EAE}.Release|Any CPU.ActiveCfg = Release|Any CPU
		{CA6590B5-3C52-4E3B-BA18-385535311EAE}.Release|Any CPU.Build.0 = Release|Any CPU
	EndGlobalSection
	GlobalSection(SolutionProperties) = preSolution
		HideSolutionNode = FALSE
	EndGlobalSection
	GlobalSection(ExtensibilityGlobals) = postSolution
		SolutionGuid = {40EBCFA1-1207-4730-9E80-2F4409994CCB}
	EndGlobalSection
EndGlobal
